
Microsoft Visual Studio Solution File, Format Version 12.00
# Visual Studio 15
VisualStudioVersion = 15.0.27703.2042
MinimumVisualStudioVersion = 10.0.40219.1
Project("{9A19103F-16F7-4668-BE54-9A1E7A4F7556}") = "VehicleReservation", "DemoTMS\VehicleReservation.csproj", "{57D848E6-CFB1-47C5-BE28-4BDABFAB2FB7}"
EndProject
Global
	GlobalSection(SolutionConfigurationPlatforms) = preSolution
		Debug|Any CPU = Debug|Any CPU
		Release|Any CPU = Release|Any CPU
	EndGlobalSection
	GlobalSection(ProjectConfigurationPlatforms) = postSolution
		{57D848E6-CFB1-47C5-BE28-4BDABFAB2FB7}.Debug|Any CPU.ActiveCfg = Debug|Any CPU
		{57D848E6-CFB1-47C5-BE28-4BDABFAB2FB7}.Debug|Any CPU.Build.0 = Debug|Any CPU
		{57D848E6-CFB1-47C5-BE28-4BDABFAB2FB7}.Release|Any CPU.ActiveCfg = Release|Any CPU
		{57D848E6-CFB1-47C5-BE28-4BDABFAB2FB7}.Release|Any CPU.Build.0 = Release|Any CPU
	EndGlobalSection
	GlobalSection(SolutionProperties) = preSolution
		HideSolutionNode = FALSE
	EndGlobalSection
	GlobalSection(ExtensibilityGlobals) = postSolution
		SolutionGuid = {C6BB467A-5E22-4548-95E9-FA6DCCC086A2}
	EndGlobalSection
EndGlobal
